
Microsoft Visual Studio Solution File, Format Version 12.00
# Visual Studio Version 16
VisualStudioVersion = 16.0.30907.101
MinimumVisualStudioVersion = 10.0.40219.1
Project("{FAE04EC0-301F-11D3-BF4B-00C04F79EFBC}") = "WebApi", "WebApi\WebApi.csproj", "{D6984BCD-1C80-481A-8451-2EB9A7044EE0}"
EndProject
Project("{FAE04EC0-301F-11D3-BF4B-00C04F79EFBC}") = "Core", "Core\Core.csproj", "{0EB91EE2-5137-483B-AE71-1464A1D371F1}"
EndProject
Project("{FAE04EC0-301F-11D3-BF4B-00C04F79EFBC}") = "Infrastructure", "Infrastructure\Infrastructure.csproj", "{5E8F9A0F-34E5-4660-B500-07509815DBB0}"
EndProject
Global
	GlobalSection(SolutionConfigurationPlatforms) = preSolution
		Debug|Any CPU = Debug|Any CPU
		Release|Any CPU = Release|Any CPU
	EndGlobalSection
	GlobalSection(ProjectConfigurationPlatforms) = postSolution
		{D6984BCD-1C80-481A-8451-2EB9A7044EE0}.Debug|Any CPU.ActiveCfg = Debug|Any CPU
		{D6984BCD-1C80-481A-8451-2EB9A7044EE0}.Debug|Any CPU.Build.0 = Debug|Any CPU
		{D6984BCD-1C80-481A-8451-2EB9A7044EE0}.Release|Any CPU.ActiveCfg = Release|Any CPU
		{D6984BCD-1C80-481A-8451-2EB9A7044EE0}.Release|Any CPU.Build.0 = Release|Any CPU
		{0EB91EE2-5137-483B-AE71-1464A1D371F1}.Debug|Any CPU.ActiveCfg = Debug|Any CPU
		{0EB91EE2-5137-483B-AE71-1464A1D371F1}.Debug|Any CPU.Build.0 = Debug|Any CPU
		{0EB91EE2-5137-483B-AE71-1464A1D371F1}.Release|Any CPU.ActiveCfg = Release|Any CPU
		{0EB91EE2-5137-483B-AE71-1464A1D371F1}.Release|Any CPU.Build.0 = Release|Any CPU
		{5E8F9A0F-34E5-4660-B500-07509815DBB0}.Debug|Any CPU.ActiveCfg = Debug|Any CPU
		{5E8F9A0F-34E5-4660-B500-07509815DBB0}.Debug|Any CPU.Build.0 = Debug|Any CPU
		{5E8F9A0F-34E5-4660-B500-07509815DBB0}.Release|Any CPU.ActiveCfg = Release|Any CPU
		{5E8F9A0F-34E5-4660-B500-07509815DBB0}.Release|Any CPU.Build.0 = Release|Any CPU
	EndGlobalSection
	GlobalSection(SolutionProperties) = preSolution
		HideSolutionNode = FALSE
	EndGlobalSection
	GlobalSection(ExtensibilityGlobals) = postSolution
		SolutionGuid = {97302496-97A6-455F-A81F-13274581A12A}
	EndGlobalSection
EndGlobal
